{
  "name": "register-listeners",
  "version": "1.0.0",
  "lockfileVersion": 2,
  "requires": true,
  "packages": {
    "": {
      "name": "register-listeners",
      "version": "1.0.0",
      "license": "ISC",
      "dependencies": {
        "@samislam/checktypes": "^1.0.1"
      }
    },
    "node_modules/@samislam/checktypes": {
      "version": "1.0.1",
      "resolved": "https://registry.npmjs.org/@samislam/checktypes/-/checktypes-1.0.1.tgz",
      "integrity": "sha512-OH3VaIWz3+19skUOjw0EnroTJhWBxOHJTvFBl3kh428+wW+eumXfqYzWPCNkEwnv5m9Pp2nrLY44W0H3HerJbg==",
      "dependencies": {
        "@samislam/log": "^1.1.2"
      }
    },
    "node_modules/@samislam/log": {
      "version": "1.1.4",
      "resolved": "https://registry.npmjs.org/@samislam/log/-/log-1.1.4.tgz",
      "integrity": "sha512-RzBQ8FN3p5Ae+Lc/RO6EMT+Pl859fk8Lu3ncvI68TqQcpQ3pTdMhFgPO7GZjqjboO6IqNcz3nW3zksEZP2MCqA==",
      "dependencies": {
        "colors": "^1.4.0"
      }
    },
    "node_modules/colors": {
      "version": "1.4.0",
      "resolved": "https://registry.npmjs.org/colors/-/colors-1.4.0.tgz",
      "integrity": "sha512-a+UqTh4kgZg/SlGvfbzDHpgRu7AAQOmmqRHJnxhRZICKFUT91brVhNNt58CMWU9PsBbv3PDCZUHbVxuDiH2mtA==",
      "engines": {
        "node": ">=0.1.90"
      }
    }
  },
  "dependencies": {
    "@samislam/checktypes": {
      "version": "1.0.1",
      "resolved": "https://registry.npmjs.org/@samislam/checktypes/-/checktypes-1.0.1.tgz",
      "integrity": "sha512-OH3VaIWz3+19skUOjw0EnroTJhWBxOHJTvFBl3kh428+wW+eumXfqYzWPCNkEwnv5m9Pp2nrLY44W0H3HerJbg==",
      "requires": {
        "@samislam/log": "^1.1.2"
      }
    },
    "@samislam/log": {
      "version": "1.1.4",
      "resolved": "https://registry.npmjs.org/@samislam/log/-/log-1.1.4.tgz",
      "integrity": "sha512-RzBQ8FN3p5Ae+Lc/RO6EMT+Pl859fk8Lu3ncvI68TqQcpQ3pTdMhFgPO7GZjqjboO6IqNcz3nW3zksEZP2MCqA==",
      "requires": {
        "colors": "^1.4.0"
      }
    },
    "colors": {
      "version": "1.4.0",
      "resolved": "https://registry.npmjs.org/colors/-/colors-1.4.0.tgz",
      "integrity": "sha512-a+UqTh4kgZg/SlGvfbzDHpgRu7AAQOmmqRHJnxhRZICKFUT91brVhNNt58CMWU9PsBbv3PDCZUHbVxuDiH2mtA=="
    }
  }
}
